<Solution>
  <Project Path="LabBooking.API/LabBooking.API.csproj" />
  <Project Path="LabBooking.Application/LabBooking.Application.csproj" />
  <Project Path="LabBooking.Domain/LabBooking.Domain.csproj" />
  <Project Path="LabBooking.Infrastructure.Sqlserver/LabBooking.Infrastructure.Sqlserver.csproj" />
  <Project Path="LabBooking.Tests/LabBooking.Tests.csproj" />
</Solution>
